// !$*UTF8*$!
{
	archiveVersion = 1;
	classes = {
	};
	objectVersion = 46;
	objects = {

/* Begin PBXBuildFile section */
		92B2C4EA1C8102EA008D7EDA /* main.cpp in Sources */ = {isa = PBXBuildFile; fileRef = 92B2C4E91C8102EA008D7EDA /* main.cpp */; };
		92B2C4F11C8102FC008D7EDA /* SDL2.framework in Frameworks */ = {isa = PBXBuildFile; fileRef = 92B2C4F01C8102FC008D7EDA /* SDL2.framework */; };
/* End PBXBuildFile section */

/* Begin PBXCopyFilesBuildPhase section */
		92B2C4E41C8102EA008D7EDA /* CopyFiles */ = {
			isa = PBXCopyFilesBuildPhase;
			buildActionMask = 2147483647;
			dstPath = /usr/share/man/man1/;
			dstSubfolderSpec = 0;
			files = (
			);
			runOnlyForDeploymentPostprocessing = 1;
		};
/* End PBXCopyFilesBuildPhase section */

/* Begin PBXFileReference section */
		92B2C4E61C8102EA008D7EDA /* Conway1 */ = {isa = PBXFileReference; explicitFileType = "compiled.mach-o.executable"; includeInIndex = 0; path = Conway1; sourceTree = BUILT_PRODUCTS_DIR; };
		92B2C4E91C8102EA008D7EDA /* main.cpp */ = {isa = PBXFileReference; lastKnownFileType = sourcecode.cpp.cpp; path = main.cpp; sourceTree = "<group>"; };
		92B2C4F01C8102FC008D7EDA /* SDL2.framework */ = {isa = PBXFileReference; lastKnownFileType = wrapper.framework; name = SDL2.framework; path = /Library/Frameworks/SDL2.framework; sourceTree = "<absolute>"; };
/* End PBXFileReference section */

/* Begin PBXFrameworksBuildPhase section */
		92B2C4E31C8102EA008D7EDA /* Frameworks */ = {
			isa = PBXFrameworksBuildPhase;
			buildActionMask = 2147483647;
			files = (
				92B2C4F11C8102FC008D7EDA /* SDL2.framework in Frameworks */,
			);
			runOnlyForDeploymentPostprocessing = 0;
		};
/* End PBXFrameworksBuildPhase section */

/* Begin PBXGroup section */
		92B2C4DD1C8102EA008D7EDA = {
			isa = PBXGroup;
			children = (
				92B2C4F21C810300008D7EDA /* Frameworks */,
				92B2C4E81C8102EA008D7EDA /* Conway1 */,
				92B2C4E71C8102EA008D7EDA /* Products */,
			);
			sourceTree = "<group>";
		};
		92B2C4E71C8102EA008D7EDA /* Products */ = {
			isa = PBXGroup;
			children = (
				92B2C4E61C8102EA008D7EDA /* Conway1 */,
			);
			name = Products;
			sourceTree = "<group>";
		};
		92B2C4E81C8102EA008D7EDA /* Conway1 */ = {
			isa = PBXGroup;
			children = (
				92B2C4E91C8102EA008D7EDA /* main.cpp */,
			);
			path = Conway1;
			sourceTree = "<group>";
		};
		92B2C4F21C810300008D7EDA /* Frameworks */ = {
			isa = PBXGroup;
			children = (
				92B2C4F01C8102FC008D7EDA /* SDL2.framework */,
			);
			name = Frameworks;
			sourceTree = "<group>";
		};
/* End PBXGroup section */

/* Begin PBXNativeTarget section */
		92B2C4E51C8102EA008D7EDA /* Conway1 */ = {
			isa = PBXNativeTarget;
			buildConfigurationList = 92B2C4ED1C8102EA008D7EDA /* Build configuration list for PBXNativeTarget "Conway1" */;
			buildPhases = (
				92B2C4E21C8102EA008D7EDA /* Sources */,
				92B2C4E31C8102EA008D7EDA /* Frameworks */,
				92B2C4E41C8102EA008D7EDA /* CopyFiles */,
			);
			buildRules = (
			);
			dependencies = (
			);
			name = Conway1;
			productName = Conway1;
			productReference = 92B2C4E61C8102EA008D7EDA /* Conway1 */;
			productType = "com.apple.product-type.tool";
		};
/* End PBXNativeTarget section */

/* Begin PBXProject section */
		92B2C4DE1C8102EA008D7EDA /* Project object */ = {
			isa = PBXProject;
			attributes = {
				LastUpgradeCheck = 0720;
				ORGANIZATIONNAME = centuryapps;
				TargetAttributes = {
					92B2C4E51C8102EA008D7EDA = {
						CreatedOnToolsVersion = 7.2.1;
					};
				};
			};
			buildConfigurationList = 92B2C4E11C8102EA008D7EDA /* Build configuration list for PBXProject "Conway1" */;
			compatibilityVersion = "Xcode 3.2";
			developmentRegion = English;
			hasScannedForEncodings = 0;
			knownRegions = (
				en,
			);
			mainGroup = 92B2C4DD1C8102EA008D7EDA;
			productRefGroup = 92B2C4E71C8102EA008D7EDA /* Products */;
			projectDirPath = "";
			projectRoot = "";
			targets = (
				92B2C4E51C8102EA008D7EDA /* Conway1 */,
			);
		};
/* End PBXProject section */

/* Begin PBXSourcesBuildPhase section */
		92B2C4E21C8102EA008D7EDA /* Sources */ = {
			isa = PBXSourcesBuildPhase;
			buildActionMask = 2147483647;
			files = (
				92B2C4EA1C8102EA008D7EDA /* main.cpp in Sources */,
			);
			runOnlyForDeploymentPostprocessing = 0;
		};
/* End PBXSourcesBuildPhase section */

/* Begin XCBuildConfiguration section */
		92B2C4EB1C8102EA008D7EDA /* Debug */ = {
			isa = XCBuildConfiguration;
			buildSettings = {
				ALWAYS_SEARCH_USER_PATHS = NO;
				CLANG_CXX_LANGUAGE_STANDARD = "gnu++0x";
				CLANG_CXX_LIBRARY = "libc++";
				CLANG_ENABLE_MODULES = YES;
				CLANG_ENABLE_OBJC_ARC = YES;
				CLANG_WARN_BOOL_CONVERSION = YES;
				CLANG_WARN_CONSTANT_CONVERSION = YES;
				CLANG_WARN_DIRECT_OBJC_ISA_USAGE = YES_ERROR;
				CLANG_WARN_EMPTY_BODY = YES;
				CLANG_WARN_ENUM_CONVERSION = YES;
				CLANG_WARN_INT_CONVERSION = YES;
				CLANG_WARN_OBJC_ROOT_CLASS = YES_ERROR;
				CLANG_WARN_UNREACHABLE_CODE = YES;
				CLANG_WARN__DUPLICATE_METHOD_MATCH = YES;
				CODE_SIGN_IDENTITY = "-";
				COPY_PHASE_STRIP = NO;
				DEBUG_INFORMATION_FORMAT = dwarf;
				ENABLE_STRICT_OBJC_MSGSEND = YES;
				ENABLE_TESTABILITY = YES;
				GCC_C_LANGUAGE_STANDARD = gnu99;
				GCC_DYNAMIC_NO_PIC = NO;
				GCC_NO_COMMON_BLOCKS = YES;
				GCC_OPTIMIZATION_LEVEL = 0;
				GCC_PREPROCESSOR_DEFINITIONS = (
					"DEBUG=1",
					"$(inherited)",
				);
				GCC_WARN_64_TO_32_BIT_CONVERSION = YES;
				GCC_WARN_ABOUT_RETURN_TYPE = YES_ERROR;
				GCC_WARN_UNDECLARED_SELECTOR = YES;
				GCC_WARN_UNINITIALIZED_AUTOS = YES_AGGRESSIVE;
				GCC_WARN_UNUSED_FUNCTION = YES;
				GCC_WARN_UNUSED_VARIABLE = YES;
				MACOSX_DEPLOYMENT_TARGET = 10.10;
				MTL_ENABLE_DEBUG_INFO = YES;
				ONLY_ACTIVE_ARCH = YES;
				SDKROOT = macosx;
			};
			name = Debug;
		};
		92B2C4EC1C8102EA008D7EDA /* Release */ = {
			isa = XCBuildConfiguration;
			buildSettings = {
				ALWAYS_SEARCH_USER_PATHS = NO;
				CLANG_CXX_LANGUAGE_STANDARD = "gnu++0x";
				CLANG_CXX_LIBRARY = "libc++";
				CLANG_ENABLE_MODULES = YES;
				CLANG_ENABLE_OBJC_ARC = YES;
				CLANG_WARN_BOOL_CONVERSION = YES;
				CLANG_WARN_CONSTANT_CONVERSION = YES;
				CLANG_WARN_DIRECT_OBJC_ISA_USAGE = YES_ERROR;
				CLANG_WARN_EMPTY_BODY = YES;
				CLANG_WARN_ENUM_CONVERSION = YES;
				CLANG_WARN_INT_CONVERSION = YES;
				CLANG_WARN_OBJC_ROOT_CLASS = YES_ERROR;
				CLANG_WARN_UNREACHABLE_CODE = YES;
				CLANG_WARN__DUPLICATE_METHOD_MATCH = YES;
				CODE_SIGN_IDENTITY = "-";
				COPY_PHASE_STRIP = NO;
				DEBUG_INFORMATION_FORMAT = "dwarf-with-dsym";
				ENABLE_NS_ASSERTIONS = NO;
				ENABLE_STRICT_OBJC_MSGSEND = YES;
				GCC_C_LANGUAGE_STANDARD = gnu99;
				GCC_NO_COMMON_BLOCKS = YES;
				GCC_WARN_64_TO_32_BIT_CONVERSION = YES;
				GCC_WARN_ABOUT_RETURN_TYPE = YES_ERROR;
				GCC_WARN_UNDECLARED_SELECTOR = YES;
				GCC_WARN_UNINITIALIZED_AUTOS = YES_AGGRESSIVE;
				GCC_WARN_UNUSED_FUNCTION = YES;
				GCC_WARN_UNUSED_VARIABLE = YES;
				MACOSX_DEPLOYMENT_TARGET = 10.10;
				MTL_ENABLE_DEBUG_INFO = NO;
				SDKROOT = macosx;
			};
			name = Release;
		};
		92B2C4EE1C8102EA008D7EDA /* Debug */ = {
			isa = XCBuildConfiguration;
			buildSettings = {
				FRAMEWORK_SEARCH_PATHS = (
					"$(inherited)",
					"$(LOCAL_LIBRARY_DIR)/Frameworks",
				);
				PRODUCT_NAME = "$(TARGET_NAME)";
			};
			name = Debug;
		};
		92B2C4EF1C8102EA008D7EDA /* Release */ = {
			isa = XCBuildConfiguration;
			buildSettings = {
				FRAMEWORK_SEARCH_PATHS = (
					"$(inherited)",
					"$(LOCAL_LIBRARY_DIR)/Frameworks",
				);
				PRODUCT_NAME = "$(TARGET_NAME)";
			};
			name = Release;
		};
/* End XCBuildConfiguration section */

/* Begin XCConfigurationList section */
		92B2C4E11C8102EA008D7EDA /* Build configuration list for PBXProject "Conway1" */ = {
			isa = XCConfigurationList;
			buildConfigurations = (
				92B2C4EB1C8102EA008D7EDA /* Debug */,
				92B2C4EC1C8102EA008D7EDA /* Release */,
			);
			defaultConfigurationIsVisible = 0;
			defaultConfigurationName = Release;
		};
		92B2C4ED1C8102EA008D7EDA /* Build configuration list for PBXNativeTarget "Conway1" */ = {
			isa = XCConfigurationList;
			buildConfigurations = (
				92B2C4EE1C8102EA008D7EDA /* Debug */,
				92B2C4EF1C8102EA008D7EDA /* Release */,
			);
			defaultConfigurationIsVisible = 0;
		};
/* End XCConfigurationList section */
	};
	rootObject = 92B2C4DE1C8102EA008D7EDA /* Project object */;
}
